
Microsoft Visual Studio Solution File, Format Version 12.00
# Visual Studio Version 17
VisualStudioVersion = 17.6.33712.159
MinimumVisualStudioVersion = 10.0.40219.1
Project("{FAE04EC0-301F-11D3-BF4B-00C04F79EFBC}") = "Design Pattern", "Design Pattern.csproj", "{82FA4F11-9E98-4184-A8EC-C7F41578E385}"
EndProject
Global
	GlobalSection(SolutionConfigurationPlatforms) = preSolution
		Debug|Any CPU = Debug|Any CPU
		Release|Any CPU = Release|Any CPU
	EndGlobalSection
	GlobalSection(ProjectConfigurationPlatforms) = postSolution
		{82FA4F11-9E98-4184-A8EC-C7F41578E385}.Debug|Any CPU.ActiveCfg = Debug|Any CPU
		{82FA4F11-9E98-4184-A8EC-C7F41578E385}.Debug|Any CPU.Build.0 = Debug|Any CPU
		{82FA4F11-9E98-4184-A8EC-C7F41578E385}.Release|Any CPU.ActiveCfg = Release|Any CPU
		{82FA4F11-9E98-4184-A8EC-C7F41578E385}.Release|Any CPU.Build.0 = Release|Any CPU
	EndGlobalSection
	GlobalSection(SolutionProperties) = preSolution
		HideSolutionNode = FALSE
	EndGlobalSection
	GlobalSection(ExtensibilityGlobals) = postSolution
		SolutionGuid = {C742CCBA-6D62-4917-A4F9-260C53216FEE}
	EndGlobalSection
EndGlobal
